
Microsoft Visual Studio Solution File, Format Version 12.00
# Visual Studio Version 16
VisualStudioVersion = 16.0.30114.105
MinimumVisualStudioVersion = 10.0.40219.1
Project("{FAE04EC0-301F-11D3-BF4B-00C04F79EFBC}") = "API", "API\API.csproj", "{B0F7400C-897B-4F8A-9234-39C702F7FE21}"
EndProject
Project("{FAE04EC0-301F-11D3-BF4B-00C04F79EFBC}") = "Core", "Core\Core.csproj", "{99E47860-4BD2-4BE9-8319-13C88C398274}"
EndProject
Project("{FAE04EC0-301F-11D3-BF4B-00C04F79EFBC}") = "Infrastructure", "Infrastructure\Infrastructure.csproj", "{4746EC55-E63A-4088-8BEB-BA7E81305764}"
EndProject
Global
	GlobalSection(SolutionConfigurationPlatforms) = preSolution
		Debug|Any CPU = Debug|Any CPU
		Release|Any CPU = Release|Any CPU
	EndGlobalSection
	GlobalSection(SolutionProperties) = preSolution
		HideSolutionNode = FALSE
	EndGlobalSection
	GlobalSection(ProjectConfigurationPlatforms) = postSolution
		{B0F7400C-897B-4F8A-9234-39C702F7FE21}.Debug|Any CPU.ActiveCfg = Debug|Any CPU
		{B0F7400C-897B-4F8A-9234-39C702F7FE21}.Debug|Any CPU.Build.0 = Debug|Any CPU
		{B0F7400C-897B-4F8A-9234-39C702F7FE21}.Release|Any CPU.ActiveCfg = Release|Any CPU
		{B0F7400C-897B-4F8A-9234-39C702F7FE21}.Release|Any CPU.Build.0 = Release|Any CPU
		{99E47860-4BD2-4BE9-8319-13C88C398274}.Debug|Any CPU.ActiveCfg = Debug|Any CPU
		{99E47860-4BD2-4BE9-8319-13C88C398274}.Debug|Any CPU.Build.0 = Debug|Any CPU
		{99E47860-4BD2-4BE9-8319-13C88C398274}.Release|Any CPU.ActiveCfg = Release|Any CPU
		{99E47860-4BD2-4BE9-8319-13C88C398274}.Release|Any CPU.Build.0 = Release|Any CPU
		{4746EC55-E63A-4088-8BEB-BA7E81305764}.Debug|Any CPU.ActiveCfg = Debug|Any CPU
		{4746EC55-E63A-4088-8BEB-BA7E81305764}.Debug|Any CPU.Build.0 = Debug|Any CPU
		{4746EC55-E63A-4088-8BEB-BA7E81305764}.Release|Any CPU.ActiveCfg = Release|Any CPU
		{4746EC55-E63A-4088-8BEB-BA7E81305764}.Release|Any CPU.Build.0 = Release|Any CPU
	EndGlobalSection
EndGlobal
